
Microsoft Visual Studio Solution File, Format Version 11.00
# Visual Studio 2010
Project("{2857B73E-F847-4B02-9238-064979017E93}") = "canwr", "canwr\canwr.cproj", "{6408C0E3-D1A1-4AAF-93A0-A5C76957713D}"
EndProject
Global
	GlobalSection(SolutionConfigurationPlatforms) = preSolution
		Debug|Any CPU = Debug|Any CPU
		Release|Any CPU = Release|Any CPU
	EndGlobalSection
	GlobalSection(ProjectConfigurationPlatforms) = postSolution
		{6408C0E3-D1A1-4AAF-93A0-A5C76957713D}.Debug|Any CPU.ActiveCfg = Debug|Any CPU
		{6408C0E3-D1A1-4AAF-93A0-A5C76957713D}.Debug|Any CPU.Build.0 = Debug|Any CPU
		{6408C0E3-D1A1-4AAF-93A0-A5C76957713D}.Release|Any CPU.ActiveCfg = Release|Any CPU
		{6408C0E3-D1A1-4AAF-93A0-A5C76957713D}.Release|Any CPU.Build.0 = Release|Any CPU
	EndGlobalSection
	GlobalSection(MonoDevelopProperties) = preSolution
		StartupItem = canwr\canwr.cproj
	EndGlobalSection
EndGlobal
